
Microsoft Visual Studio Solution File, Format Version 12.00
# Visual Studio Version 17
VisualStudioVersion = 17.5.002.0
MinimumVisualStudioVersion = 10.0.40219.1
Project("{9A19103F-16F7-4668-BE54-9A1E7A4F7556}") = "fileServer", "fileServer.csproj", "{24DA1A7E-4545-4B26-B2A2-06892189E13A}"
EndProject
Global
	GlobalSection(SolutionConfigurationPlatforms) = preSolution
		Debug|Any CPU = Debug|Any CPU
		Release|Any CPU = Release|Any CPU
	EndGlobalSection
	GlobalSection(ProjectConfigurationPlatforms) = postSolution
		{24DA1A7E-4545-4B26-B2A2-06892189E13A}.Debug|Any CPU.ActiveCfg = Debug|Any CPU
		{24DA1A7E-4545-4B26-B2A2-06892189E13A}.Debug|Any CPU.Build.0 = Debug|Any CPU
		{24DA1A7E-4545-4B26-B2A2-06892189E13A}.Release|Any CPU.ActiveCfg = Release|Any CPU
		{24DA1A7E-4545-4B26-B2A2-06892189E13A}.Release|Any CPU.Build.0 = Release|Any CPU
	EndGlobalSection
	GlobalSection(SolutionProperties) = preSolution
		HideSolutionNode = FALSE
	EndGlobalSection
	GlobalSection(ExtensibilityGlobals) = postSolution
		SolutionGuid = {58A7B852-6A7E-4C54-B7C6-10BF0B6B6B4F}
	EndGlobalSection
EndGlobal
